
Microsoft Visual Studio Solution File, Format Version 12.00
# Visual Studio 15
VisualStudioVersion = 15.0.26730.12
MinimumVisualStudioVersion = 10.0.40219.1
Project("{FAE04EC0-301F-11D3-BF4B-00C04F79EFBC}") = "RunesReformed1.1", "RunesReformed1.1\RunesReformed1.1.csproj", "{BB6C3872-1F37-4914-BD18-25C0A0A33630}"
EndProject
Project("{9A19103F-16F7-4668-BE54-9A1E7A4F7556}") = "API", "API\API.csproj", "{EFC284D9-7113-4F60-B194-F9E26651E54A}"
EndProject
Global
	GlobalSection(SolutionConfigurationPlatforms) = preSolution
		Debug|Any CPU = Debug|Any CPU
		Release|Any CPU = Release|Any CPU
	EndGlobalSection
	GlobalSection(ProjectConfigurationPlatforms) = postSolution
		{BB6C3872-1F37-4914-BD18-25C0A0A33630}.Debug|Any CPU.ActiveCfg = Debug|Any CPU
		{BB6C3872-1F37-4914-BD18-25C0A0A33630}.Debug|Any CPU.Build.0 = Debug|Any CPU
		{BB6C3872-1F37-4914-BD18-25C0A0A33630}.Release|Any CPU.ActiveCfg = Release|Any CPU
		{BB6C3872-1F37-4914-BD18-25C0A0A33630}.Release|Any CPU.Build.0 = Release|Any CPU
		{EFC284D9-7113-4F60-B194-F9E26651E54A}.Debug|Any CPU.ActiveCfg = Debug|Any CPU
		{EFC284D9-7113-4F60-B194-F9E26651E54A}.Debug|Any CPU.Build.0 = Debug|Any CPU
		{EFC284D9-7113-4F60-B194-F9E26651E54A}.Release|Any CPU.ActiveCfg = Release|Any CPU
		{EFC284D9-7113-4F60-B194-F9E26651E54A}.Release|Any CPU.Build.0 = Release|Any CPU
	EndGlobalSection
	GlobalSection(SolutionProperties) = preSolution
		HideSolutionNode = FALSE
	EndGlobalSection
	GlobalSection(ExtensibilityGlobals) = postSolution
		SolutionGuid = {1E805F0A-235A-4C14-B521-9F8D2AEC31E1}
	EndGlobalSection
EndGlobal
